// !$*UTF8*$!
{
	archiveVersion = 1;
	classes = {
	};
	objectVersion = 50;
	objects = {

/* Begin PBXBuildFile section */
		044BE0B22603B145001E0663 /* AppDelegate.swift in Sources */ = {isa = PBXBuildFile; fileRef = 044BE0B12603B145001E0663 /* AppDelegate.swift */; };
		044BE0B42603B145001E0663 /* SceneDelegate.swift in Sources */ = {isa = PBXBuildFile; fileRef = 044BE0B32603B145001E0663 /* SceneDelegate.swift */; };
		044BE0B62603B145001E0663 /* ViewController.swift in Sources */ = {isa = PBXBuildFile; fileRef = 044BE0B52603B145001E0663 /* ViewController.swift */; };
		044BE0B92603B145001E0663 /* Main.storyboard in Resources */ = {isa = PBXBuildFile; fileRef = 044BE0B72603B145001E0663 /* Main.storyboard */; };
		044BE0BB2603B148001E0663 /* Assets.xcassets in Resources */ = {isa = PBXBuildFile; fileRef = 044BE0BA2603B148001E0663 /* Assets.xcassets */; };
		044BE0BE2603B148001E0663 /* LaunchScreen.storyboard in Resources */ = {isa = PBXBuildFile; fileRef = 044BE0BC2603B148001E0663 /* LaunchScreen.storyboard */; };
		044BE0C92603B148001E0663 /* FacilityManagementApp_iOSTests.swift in Sources */ = {isa = PBXBuildFile; fileRef = 044BE0C82603B148001E0663 /* FacilityManagementApp_iOSTests.swift */; };
		044BE0D42603B148001E0663 /* FacilityManagementApp_iOSUITests.swift in Sources */ = {isa = PBXBuildFile; fileRef = 044BE0D32603B148001E0663 /* FacilityManagementApp_iOSUITests.swift */; };
/* End PBXBuildFile section */

/* Begin PBXContainerItemProxy section */
		044BE0C52603B148001E0663 /* PBXContainerItemProxy */ = {
			isa = PBXContainerItemProxy;
			containerPortal = 044BE0A62603B145001E0663 /* Project object */;
			proxyType = 1;
			remoteGlobalIDString = 044BE0AD2603B145001E0663;
			remoteInfo = "FacilityManagementApp iOS";
		};
		044BE0D02603B148001E0663 /* PBXContainerItemProxy */ = {
			isa = PBXContainerItemProxy;
			containerPortal = 044BE0A62603B145001E0663 /* Project object */;
			proxyType = 1;
			remoteGlobalIDString = 044BE0AD2603B145001E0663;
			remoteInfo = "FacilityManagementApp iOS";
		};
/* End PBXContainerItemProxy section */

/* Begin PBXFileReference section */
		044BE0AE2603B145001E0663 /* FacilityManagementApp iOS.app */ = {isa = PBXFileReference; explicitFileType = wrapper.application; includeInIndex = 0; path = "FacilityManagementApp iOS.app"; sourceTree = BUILT_PRODUCTS_DIR; };
		044BE0B12603B145001E0663 /* AppDelegate.swift */ = {isa = PBXFileReference; lastKnownFileType = sourcecode.swift; path = AppDelegate.swift; sourceTree = "<group>"; };
		044BE0B32603B145001E0663 /* SceneDelegate.swift */ = {isa = PBXFileReference; lastKnownFileType = sourcecode.swift; path = SceneDelegate.swift; sourceTree = "<group>"; };
		044BE0B52603B145001E0663 /* ViewController.swift */ = {isa = PBXFileReference; lastKnownFileType = sourcecode.swift; path = ViewController.swift; sourceTree = "<group>"; };
		044BE0B82603B145001E0663 /* Base */ = {isa = PBXFileReference; lastKnownFileType = file.storyboard; name = Base; path = Base.lproj/Main.storyboard; sourceTree = "<group>"; };
		044BE0BA2603B148001E0663 /* Assets.xcassets */ = {isa = PBXFileReference; lastKnownFileType = folder.assetcatalog; path = Assets.xcassets; sourceTree = "<group>"; };
		044BE0BD2603B148001E0663 /* Base */ = {isa = PBXFileReference; lastKnownFileType = file.storyboard; name = Base; path = Base.lproj/LaunchScreen.storyboard; sourceTree = "<group>"; };
		044BE0BF2603B148001E0663 /* Info.plist */ = {isa = PBXFileReference; lastKnownFileType = text.plist.xml; path = Info.plist; sourceTree = "<group>"; };
		044BE0C42603B148001E0663 /* FacilityManagementApp iOSTests.xctest */ = {isa = PBXFileReference; explicitFileType = wrapper.cfbundle; includeInIndex = 0; path = "FacilityManagementApp iOSTests.xctest"; sourceTree = BUILT_PRODUCTS_DIR; };
		044BE0C82603B148001E0663 /* FacilityManagementApp_iOSTests.swift */ = {isa = PBXFileReference; lastKnownFileType = sourcecode.swift; path = FacilityManagementApp_iOSTests.swift; sourceTree = "<group>"; };
		044BE0CA2603B148001E0663 /* Info.plist */ = {isa = PBXFileReference; lastKnownFileType = text.plist.xml; path = Info.plist; sourceTree = "<group>"; };
		044BE0CF2603B148001E0663 /* FacilityManagementApp iOSUITests.xctest */ = {isa = PBXFileReference; explicitFileType = wrapper.cfbundle; includeInIndex = 0; path = "FacilityManagementApp iOSUITests.xctest"; sourceTree = BUILT_PRODUCTS_DIR; };
		044BE0D32603B148001E0663 /* FacilityManagementApp_iOSUITests.swift */ = {isa = PBXFileReference; lastKnownFileType = sourcecode.swift; path = FacilityManagementApp_iOSUITests.swift; sourceTree = "<group>"; };
		044BE0D52603B148001E0663 /* Info.plist */ = {isa = PBXFileReference; lastKnownFileType = text.plist.xml; path = Info.plist; sourceTree = "<group>"; };
/* End PBXFileReference section */

/* Begin PBXFrameworksBuildPhase section */
		044BE0AB2603B145001E0663 /* Frameworks */ = {
			isa = PBXFrameworksBuildPhase;
			buildActionMask = 2147483647;
			files = (
			);
			runOnlyForDeploymentPostprocessing = 0;
		};
		044BE0C12603B148001E0663 /* Frameworks */ = {
			isa = PBXFrameworksBuildPhase;
			buildActionMask = 2147483647;
			files = (
			);
			runOnlyForDeploymentPostprocessing = 0;
		};
		044BE0CC2603B148001E0663 /* Frameworks */ = {
			isa = PBXFrameworksBuildPhase;
			buildActionMask = 2147483647;
			files = (
			);
			runOnlyForDeploymentPostprocessing = 0;
		};
/* End PBXFrameworksBuildPhase section */

/* Begin PBXGroup section */
		044BE0A52603B145001E0663 = {
			isa = PBXGroup;
			children = (
				044BE0B02603B145001E0663 /* FacilityManagementApp iOS */,
				044BE0C72603B148001E0663 /* FacilityManagementApp iOSTests */,
				044BE0D22603B148001E0663 /* FacilityManagementApp iOSUITests */,
				044BE0AF2603B145001E0663 /* Products */,
			);
			sourceTree = "<group>";
		};
		044BE0AF2603B145001E0663 /* Products */ = {
			isa = PBXGroup;
			children = (
				044BE0AE2603B145001E0663 /* FacilityManagementApp iOS.app */,
				044BE0C42603B148001E0663 /* FacilityManagementApp iOSTests.xctest */,
				044BE0CF2603B148001E0663 /* FacilityManagementApp iOSUITests.xctest */,
			);
			name = Products;
			sourceTree = "<group>";
		};
		044BE0B02603B145001E0663 /* FacilityManagementApp iOS */ = {
			isa = PBXGroup;
			children = (
				044BE0B12603B145001E0663 /* AppDelegate.swift */,
				044BE0B32603B145001E0663 /* SceneDelegate.swift */,
				044BE0B52603B145001E0663 /* ViewController.swift */,
				044BE0B72603B145001E0663 /* Main.storyboard */,
				044BE0BA2603B148001E0663 /* Assets.xcassets */,
				044BE0BC2603B148001E0663 /* LaunchScreen.storyboard */,
				044BE0BF2603B148001E0663 /* Info.plist */,
			);
			path = "FacilityManagementApp iOS";
			sourceTree = "<group>";
		};
		044BE0C72603B148001E0663 /* FacilityManagementApp iOSTests */ = {
			isa = PBXGroup;
			children = (
				044BE0C82603B148001E0663 /* FacilityManagementApp_iOSTests.swift */,
				044BE0CA2603B148001E0663 /* Info.plist */,
			);
			path = "FacilityManagementApp iOSTests";
			sourceTree = "<group>";
		};
		044BE0D22603B148001E0663 /* FacilityManagementApp iOSUITests */ = {
			isa = PBXGroup;
			children = (
				044BE0D32603B148001E0663 /* FacilityManagementApp_iOSUITests.swift */,
				044BE0D52603B148001E0663 /* Info.plist */,
			);
			path = "FacilityManagementApp iOSUITests";
			sourceTree = "<group>";
		};
/* End PBXGroup section */

/* Begin PBXNativeTarget section */
		044BE0AD2603B145001E0663 /* FacilityManagementApp iOS */ = {
			isa = PBXNativeTarget;
			buildConfigurationList = 044BE0D82603B148001E0663 /* Build configuration list for PBXNativeTarget "FacilityManagementApp iOS" */;
			buildPhases = (
				044BE0AA2603B145001E0663 /* Sources */,
				044BE0AB2603B145001E0663 /* Frameworks */,
				044BE0AC2603B145001E0663 /* Resources */,
				044BE0E42603C69B001E0663 /* ShellScript */,
			);
			buildRules = (
			);
			dependencies = (
			);
			name = "FacilityManagementApp iOS";
			productName = "FacilityManagementApp iOS";
			productReference = 044BE0AE2603B145001E0663 /* FacilityManagementApp iOS.app */;
			productType = "com.apple.product-type.application";
		};
		044BE0C32603B148001E0663 /* FacilityManagementApp iOSTests */ = {
			isa = PBXNativeTarget;
			buildConfigurationList = 044BE0DB2603B148001E0663 /* Build configuration list for PBXNativeTarget "FacilityManagementApp iOSTests" */;
			buildPhases = (
				044BE0C02603B148001E0663 /* Sources */,
				044BE0C12603B148001E0663 /* Frameworks */,
				044BE0C22603B148001E0663 /* Resources */,
			);
			buildRules = (
			);
			dependencies = (
				044BE0C62603B148001E0663 /* PBXTargetDependency */,
			);
			name = "FacilityManagementApp iOSTests";
			productName = "FacilityManagementApp iOSTests";
			productReference = 044BE0C42603B148001E0663 /* FacilityManagementApp iOSTests.xctest */;
			productType = "com.apple.product-type.bundle.unit-test";
		};
		044BE0CE2603B148001E0663 /* FacilityManagementApp iOSUITests */ = {
			isa = PBXNativeTarget;
			buildConfigurationList = 044BE0DE2603B148001E0663 /* Build configuration list for PBXNativeTarget "FacilityManagementApp iOSUITests" */;
			buildPhases = (
				044BE0CB2603B148001E0663 /* Sources */,
				044BE0CC2603B148001E0663 /* Frameworks */,
				044BE0CD2603B148001E0663 /* Resources */,
			);
			buildRules = (
			);
			dependencies = (
				044BE0D12603B148001E0663 /* PBXTargetDependency */,
			);
			name = "FacilityManagementApp iOSUITests";
			productName = "FacilityManagementApp iOSUITests";
			productReference = 044BE0CF2603B148001E0663 /* FacilityManagementApp iOSUITests.xctest */;
			productType = "com.apple.product-type.bundle.ui-testing";
		};
/* End PBXNativeTarget section */

/* Begin PBXProject section */
		044BE0A62603B145001E0663 /* Project object */ = {
			isa = PBXProject;
			attributes = {
				LastSwiftUpdateCheck = 1240;
				LastUpgradeCheck = 1240;
				TargetAttributes = {
					044BE0AD2603B145001E0663 = {
						CreatedOnToolsVersion = 12.4;
					};
					044BE0C32603B148001E0663 = {
						CreatedOnToolsVersion = 12.4;
						TestTargetID = 044BE0AD2603B145001E0663;
					};
					044BE0CE2603B148001E0663 = {
						CreatedOnToolsVersion = 12.4;
						TestTargetID = 044BE0AD2603B145001E0663;
					};
				};
			};
			buildConfigurationList = 044BE0A92603B145001E0663 /* Build configuration list for PBXProject "FacilityManagementApp iOS" */;
			compatibilityVersion = "Xcode 9.3";
			developmentRegion = en;
			hasScannedForEncodings = 0;
			knownRegions = (
				en,
				Base,
			);
			mainGroup = 044BE0A52603B145001E0663;
			productRefGroup = 044BE0AF2603B145001E0663 /* Products */;
			projectDirPath = "";
			projectRoot = "";
			targets = (
				044BE0AD2603B145001E0663 /* FacilityManagementApp iOS */,
				044BE0C32603B148001E0663 /* FacilityManagementApp iOSTests */,
				044BE0CE2603B148001E0663 /* FacilityManagementApp iOSUITests */,
			);
		};
/* End PBXProject section */

/* Begin PBXResourcesBuildPhase section */
		044BE0AC2603B145001E0663 /* Resources */ = {
			isa = PBXResourcesBuildPhase;
			buildActionMask = 2147483647;
			files = (
				044BE0BE2603B148001E0663 /* LaunchScreen.storyboard in Resources */,
				044BE0BB2603B148001E0663 /* Assets.xcassets in Resources */,
				044BE0B92603B145001E0663 /* Main.storyboard in Resources */,
			);
			runOnlyForDeploymentPostprocessing = 0;
		};
		044BE0C22603B148001E0663 /* Resources */ = {
			isa = PBXResourcesBuildPhase;
			buildActionMask = 2147483647;
			files = (
			);
			runOnlyForDeploymentPostprocessing = 0;
		};
		044BE0CD2603B148001E0663 /* Resources */ = {
			isa = PBXResourcesBuildPhase;
			buildActionMask = 2147483647;
			files = (
			);
			runOnlyForDeploymentPostprocessing = 0;
		};
/* End PBXResourcesBuildPhase section */

/* Begin PBXShellScriptBuildPhase section */
		044BE0E42603C69B001E0663 /* ShellScript */ = {
			isa = PBXShellScriptBuildPhase;
			buildActionMask = 12;
			files = (
			);
			inputFileListPaths = (
			);
			inputPaths = (
			);
			outputFileListPaths = (
			);
			outputPaths = (
			);
			runOnlyForDeploymentPostprocessing = 0;
			shellPath = /bin/sh;
			shellScript = "# Type a script or drag a script file from your workspace to insert its path.\nif which swiftlint >/dev/null; then\n  swiftlint\nelse\n  echo \"warning: SwiftLint not installed, download from https://github.com/realm/SwiftLint\"\nfi\n";
		};
/* End PBXShellScriptBuildPhase section */

/* Begin PBXSourcesBuildPhase section */
		044BE0AA2603B145001E0663 /* Sources */ = {
			isa = PBXSourcesBuildPhase;
			buildActionMask = 2147483647;
			files = (
				044BE0B62603B145001E0663 /* ViewController.swift in Sources */,
				044BE0B22603B145001E0663 /* AppDelegate.swift in Sources */,
				044BE0B42603B145001E0663 /* SceneDelegate.swift in Sources */,
			);
			runOnlyForDeploymentPostprocessing = 0;
		};
		044BE0C02603B148001E0663 /* Sources */ = {
			isa = PBXSourcesBuildPhase;
			buildActionMask = 2147483647;
			files = (
				044BE0C92603B148001E0663 /* FacilityManagementApp_iOSTests.swift in Sources */,
			);
			runOnlyForDeploymentPostprocessing = 0;
		};
		044BE0CB2603B148001E0663 /* Sources */ = {
			isa = PBXSourcesBuildPhase;
			buildActionMask = 2147483647;
			files = (
				044BE0D42603B148001E0663 /* FacilityManagementApp_iOSUITests.swift in Sources */,
			);
			runOnlyForDeploymentPostprocessing = 0;
		};
/* End PBXSourcesBuildPhase section */

/* Begin PBXTargetDependency section */
		044BE0C62603B148001E0663 /* PBXTargetDependency */ = {
			isa = PBXTargetDependency;
			target = 044BE0AD2603B145001E0663 /* FacilityManagementApp iOS */;
			targetProxy = 044BE0C52603B148001E0663 /* PBXContainerItemProxy */;
		};
		044BE0D12603B148001E0663 /* PBXTargetDependency */ = {
			isa = PBXTargetDependency;
			target = 044BE0AD2603B145001E0663 /* FacilityManagementApp iOS */;
			targetProxy = 044BE0D02603B148001E0663 /* PBXContainerItemProxy */;
		};
/* End PBXTargetDependency section */

/* Begin PBXVariantGroup section */
		044BE0B72603B145001E0663 /* Main.storyboard */ = {
			isa = PBXVariantGroup;
			children = (
				044BE0B82603B145001E0663 /* Base */,
			);
			name = Main.storyboard;
			sourceTree = "<group>";
		};
		044BE0BC2603B148001E0663 /* LaunchScreen.storyboard */ = {
			isa = PBXVariantGroup;
			children = (
				044BE0BD2603B148001E0663 /* Base */,
			);
			name = LaunchScreen.storyboard;
			sourceTree = "<group>";
		};
/* End PBXVariantGroup section */

/* Begin XCBuildConfiguration section */
		044BE0D62603B148001E0663 /* Debug */ = {
			isa = XCBuildConfiguration;
			buildSettings = {
				ALWAYS_SEARCH_USER_PATHS = NO;
				CLANG_ANALYZER_NONNULL = YES;
				CLANG_ANALYZER_NUMBER_OBJECT_CONVERSION = YES_AGGRESSIVE;
				CLANG_CXX_LANGUAGE_STANDARD = "gnu++14";
				CLANG_CXX_LIBRARY = "libc++";
				CLANG_ENABLE_MODULES = YES;
				CLANG_ENABLE_OBJC_ARC = YES;
				CLANG_ENABLE_OBJC_WEAK = YES;
				CLANG_WARN_BLOCK_CAPTURE_AUTORELEASING = YES;
				CLANG_WARN_BOOL_CONVERSION = YES;
				CLANG_WARN_COMMA = YES;
				CLANG_WARN_CONSTANT_CONVERSION = YES;
				CLANG_WARN_DEPRECATED_OBJC_IMPLEMENTATIONS = YES;
				CLANG_WARN_DIRECT_OBJC_ISA_USAGE = YES_ERROR;
				CLANG_WARN_DOCUMENTATION_COMMENTS = YES;
				CLANG_WARN_EMPTY_BODY = YES;
				CLANG_WARN_ENUM_CONVERSION = YES;
				CLANG_WARN_INFINITE_RECURSION = YES;
				CLANG_WARN_INT_CONVERSION = YES;
				CLANG_WARN_NON_LITERAL_NULL_CONVERSION = YES;
				CLANG_WARN_OBJC_IMPLICIT_RETAIN_SELF = YES;
				CLANG_WARN_OBJC_LITERAL_CONVERSION = YES;
				CLANG_WARN_OBJC_ROOT_CLASS = YES_ERROR;
				CLANG_WARN_QUOTED_INCLUDE_IN_FRAMEWORK_HEADER = YES;
				CLANG_WARN_RANGE_LOOP_ANALYSIS = YES;
				CLANG_WARN_STRICT_PROTOTYPES = YES;
				CLANG_WARN_SUSPICIOUS_MOVE = YES;
				CLANG_WARN_UNGUARDED_AVAILABILITY = YES_AGGRESSIVE;
				CLANG_WARN_UNREACHABLE_CODE = YES;
				CLANG_WARN__DUPLICATE_METHOD_MATCH = YES;
				COPY_PHASE_STRIP = NO;
				DEBUG_INFORMATION_FORMAT = dwarf;
				ENABLE_STRICT_OBJC_MSGSEND = YES;
				ENABLE_TESTABILITY = YES;
				GCC_C_LANGUAGE_STANDARD = gnu11;
				GCC_DYNAMIC_NO_PIC = NO;
				GCC_NO_COMMON_BLOCKS = YES;
				GCC_OPTIMIZATION_LEVEL = 0;
				GCC_PREPROCESSOR_DEFINITIONS = (
					"DEBUG=1",
					"$(inherited)",
				);
				GCC_WARN_64_TO_32_BIT_CONVERSION = YES;
				GCC_WARN_ABOUT_RETURN_TYPE = YES_ERROR;
				GCC_WARN_UNDECLARED_SELECTOR = YES;
				GCC_WARN_UNINITIALIZED_AUTOS = YES_AGGRESSIVE;
				GCC_WARN_UNUSED_FUNCTION = YES;
				GCC_WARN_UNUSED_VARIABLE = YES;
				IPHONEOS_DEPLOYMENT_TARGET = 14.4;
				MTL_ENABLE_DEBUG_INFO = INCLUDE_SOURCE;
				MTL_FAST_MATH = YES;
				ONLY_ACTIVE_ARCH = YES;
				SDKROOT = iphoneos;
				SWIFT_ACTIVE_COMPILATION_CONDITIONS = DEBUG;
				SWIFT_OPTIMIZATION_LEVEL = "-Onone";
			};
			name = Debug;
		};
		044BE0D72603B148001E0663 /* Release */ = {
			isa = XCBuildConfiguration;
			buildSettings = {
				ALWAYS_SEARCH_USER_PATHS = NO;
				CLANG_ANALYZER_NONNULL = YES;
				CLANG_ANALYZER_NUMBER_OBJECT_CONVERSION = YES_AGGRESSIVE;
				CLANG_CXX_LANGUAGE_STANDARD = "gnu++14";
				CLANG_CXX_LIBRARY = "libc++";
				CLANG_ENABLE_MODULES = YES;
				CLANG_ENABLE_OBJC_ARC = YES;
				CLANG_ENABLE_OBJC_WEAK = YES;
				CLANG_WARN_BLOCK_CAPTURE_AUTORELEASING = YES;
				CLANG_WARN_BOOL_CONVERSION = YES;
				CLANG_WARN_COMMA = YES;
				CLANG_WARN_CONSTANT_CONVERSION = YES;
				CLANG_WARN_DEPRECATED_OBJC_IMPLEMENTATIONS = YES;
				CLANG_WARN_DIRECT_OBJC_ISA_USAGE = YES_ERROR;
				CLANG_WARN_DOCUMENTATION_COMMENTS = YES;
				CLANG_WARN_EMPTY_BODY = YES;
				CLANG_WARN_ENUM_CONVERSION = YES;
				CLANG_WARN_INFINITE_RECURSION = YES;
				CLANG_WARN_INT_CONVERSION = YES;
				CLANG_WARN_NON_LITERAL_NULL_CONVERSION = YES;
				CLANG_WARN_OBJC_IMPLICIT_RETAIN_SELF = YES;
				CLANG_WARN_OBJC_LITERAL_CONVERSION = YES;
				CLANG_WARN_OBJC_ROOT_CLASS = YES_ERROR;
				CLANG_WARN_QUOTED_INCLUDE_IN_FRAMEWORK_HEADER = YES;
				CLANG_WARN_RANGE_LOOP_ANALYSIS = YES;
				CLANG_WARN_STRICT_PROTOTYPES = YES;
				CLANG_WARN_SUSPICIOUS_MOVE = YES;
				CLANG_WARN_UNGUARDED_AVAILABILITY = YES_AGGRESSIVE;
				CLANG_WARN_UNREACHABLE_CODE = YES;
				CLANG_WARN__DUPLICATE_METHOD_MATCH = YES;
				COPY_PHASE_STRIP = NO;
				DEBUG_INFORMATION_FORMAT = "dwarf-with-dsym";
				ENABLE_NS_ASSERTIONS = NO;
				ENABLE_STRICT_OBJC_MSGSEND = YES;
				GCC_C_LANGUAGE_STANDARD = gnu11;
				GCC_NO_COMMON_BLOCKS = YES;
				GCC_WARN_64_TO_32_BIT_CONVERSION = YES;
				GCC_WARN_ABOUT_RETURN_TYPE = YES_ERROR;
				GCC_WARN_UNDECLARED_SELECTOR = YES;
				GCC_WARN_UNINITIALIZED_AUTOS = YES_AGGRESSIVE;
				GCC_WARN_UNUSED_FUNCTION = YES;
				GCC_WARN_UNUSED_VARIABLE = YES;
				IPHONEOS_DEPLOYMENT_TARGET = 14.4;
				MTL_ENABLE_DEBUG_INFO = NO;
				MTL_FAST_MATH = YES;
				SDKROOT = iphoneos;
				SWIFT_COMPILATION_MODE = wholemodule;
				SWIFT_OPTIMIZATION_LEVEL = "-O";
				VALIDATE_PRODUCT = YES;
			};
			name = Release;
		};
		044BE0D92603B148001E0663 /* Debug */ = {
			isa = XCBuildConfiguration;
			buildSettings = {
				ASSETCATALOG_COMPILER_APPICON_NAME = AppIcon;
				ASSETCATALOG_COMPILER_GLOBAL_ACCENT_COLOR_NAME = AccentColor;
				CODE_SIGN_STYLE = Automatic;
				DEVELOPMENT_TEAM = 6ZPB2R3KP8;
				INFOPLIST_FILE = "FacilityManagementApp iOS/Info.plist";
				LD_RUNPATH_SEARCH_PATHS = (
					"$(inherited)",
					"@executable_path/Frameworks",
				);
				PRODUCT_BUNDLE_IDENTIFIER = "com.waheedcodes.FacilityManagementApp-iOS";
				PRODUCT_NAME = "$(TARGET_NAME)";
				SWIFT_VERSION = 5.0;
				TARGETED_DEVICE_FAMILY = "1,2";
			};
			name = Debug;
		};
		044BE0DA2603B148001E0663 /* Release */ = {
			isa = XCBuildConfiguration;
			buildSettings = {
				ASSETCATALOG_COMPILER_APPICON_NAME = AppIcon;
				ASSETCATALOG_COMPILER_GLOBAL_ACCENT_COLOR_NAME = AccentColor;
				CODE_SIGN_STYLE = Automatic;
				DEVELOPMENT_TEAM = 6ZPB2R3KP8;
				INFOPLIST_FILE = "FacilityManagementApp iOS/Info.plist";
				LD_RUNPATH_SEARCH_PATHS = (
					"$(inherited)",
					"@executable_path/Frameworks",
				);
				PRODUCT_BUNDLE_IDENTIFIER = "com.waheedcodes.FacilityManagementApp-iOS";
				PRODUCT_NAME = "$(TARGET_NAME)";
				SWIFT_VERSION = 5.0;
				TARGETED_DEVICE_FAMILY = "1,2";
			};
			name = Release;
		};
		044BE0DC2603B148001E0663 /* Debug */ = {
			isa = XCBuildConfiguration;
			buildSettings = {
				ALWAYS_EMBED_SWIFT_STANDARD_LIBRARIES = YES;
				BUNDLE_LOADER = "$(TEST_HOST)";
				CODE_SIGN_STYLE = Automatic;
				DEVELOPMENT_TEAM = 6ZPB2R3KP8;
				INFOPLIST_FILE = "FacilityManagementApp iOSTests/Info.plist";
				IPHONEOS_DEPLOYMENT_TARGET = 14.4;
				LD_RUNPATH_SEARCH_PATHS = (
					"$(inherited)",
					"@executable_path/Frameworks",
					"@loader_path/Frameworks",
				);
				PRODUCT_BUNDLE_IDENTIFIER = "com.waheedcodes.FacilityManagementApp-iOSTests";
				PRODUCT_NAME = "$(TARGET_NAME)";
				SWIFT_VERSION = 5.0;
				TARGETED_DEVICE_FAMILY = "1,2";
				TEST_HOST = "$(BUILT_PRODUCTS_DIR)/FacilityManagementApp iOS.app/FacilityManagementApp iOS";
			};
			name = Debug;
		};
		044BE0DD2603B148001E0663 /* Release */ = {
			isa = XCBuildConfiguration;
			buildSettings = {
				ALWAYS_EMBED_SWIFT_STANDARD_LIBRARIES = YES;
				BUNDLE_LOADER = "$(TEST_HOST)";
				CODE_SIGN_STYLE = Automatic;
				DEVELOPMENT_TEAM = 6ZPB2R3KP8;
				INFOPLIST_FILE = "FacilityManagementApp iOSTests/Info.plist";
				IPHONEOS_DEPLOYMENT_TARGET = 14.4;
				LD_RUNPATH_SEARCH_PATHS = (
					"$(inherited)",
					"@executable_path/Frameworks",
					"@loader_path/Frameworks",
				);
				PRODUCT_BUNDLE_IDENTIFIER = "com.waheedcodes.FacilityManagementApp-iOSTests";
				PRODUCT_NAME = "$(TARGET_NAME)";
				SWIFT_VERSION = 5.0;
				TARGETED_DEVICE_FAMILY = "1,2";
				TEST_HOST = "$(BUILT_PRODUCTS_DIR)/FacilityManagementApp iOS.app/FacilityManagementApp iOS";
			};
			name = Release;
		};
		044BE0DF2603B148001E0663 /* Debug */ = {
			isa = XCBuildConfiguration;
			buildSettings = {
				ALWAYS_EMBED_SWIFT_STANDARD_LIBRARIES = YES;
				CODE_SIGN_STYLE = Automatic;
				DEVELOPMENT_TEAM = 6ZPB2R3KP8;
				INFOPLIST_FILE = "FacilityManagementApp iOSUITests/Info.plist";
				LD_RUNPATH_SEARCH_PATHS = (
					"$(inherited)",
					"@executable_path/Frameworks",
					"@loader_path/Frameworks",
				);
				PRODUCT_BUNDLE_IDENTIFIER = "com.waheedcodes.FacilityManagementApp-iOSUITests";
				PRODUCT_NAME = "$(TARGET_NAME)";
				SWIFT_VERSION = 5.0;
				TARGETED_DEVICE_FAMILY = "1,2";
				TEST_TARGET_NAME = "FacilityManagementApp iOS";
			};
			name = Debug;
		};
		044BE0E02603B149001E0663 /* Release */ = {
			isa = XCBuildConfiguration;
			buildSettings = {
				ALWAYS_EMBED_SWIFT_STANDARD_LIBRARIES = YES;
				CODE_SIGN_STYLE = Automatic;
				DEVELOPMENT_TEAM = 6ZPB2R3KP8;
				INFOPLIST_FILE = "FacilityManagementApp iOSUITests/Info.plist";
				LD_RUNPATH_SEARCH_PATHS = (
					"$(inherited)",
					"@executable_path/Frameworks",
					"@loader_path/Frameworks",
				);
				PRODUCT_BUNDLE_IDENTIFIER = "com.waheedcodes.FacilityManagementApp-iOSUITests";
				PRODUCT_NAME = "$(TARGET_NAME)";
				SWIFT_VERSION = 5.0;
				TARGETED_DEVICE_FAMILY = "1,2";
				TEST_TARGET_NAME = "FacilityManagementApp iOS";
			};
			name = Release;
		};
/* End XCBuildConfiguration section */

/* Begin XCConfigurationList section */
		044BE0A92603B145001E0663 /* Build configuration list for PBXProject "FacilityManagementApp iOS" */ = {
			isa = XCConfigurationList;
			buildConfigurations = (
				044BE0D62603B148001E0663 /* Debug */,
				044BE0D72603B148001E0663 /* Release */,
			);
			defaultConfigurationIsVisible = 0;
			defaultConfigurationName = Release;
		};
		044BE0D82603B148001E0663 /* Build configuration list for PBXNativeTarget "FacilityManagementApp iOS" */ = {
			isa = XCConfigurationList;
			buildConfigurations = (
				044BE0D92603B148001E0663 /* Debug */,
				044BE0DA2603B148001E0663 /* Release */,
			);
			defaultConfigurationIsVisible = 0;
			defaultConfigurationName = Release;
		};
		044BE0DB2603B148001E0663 /* Build configuration list for PBXNativeTarget "FacilityManagementApp iOSTests" */ = {
			isa = XCConfigurationList;
			buildConfigurations = (
				044BE0DC2603B148001E0663 /* Debug */,
				044BE0DD2603B148001E0663 /* Release */,
			);
			defaultConfigurationIsVisible = 0;
			defaultConfigurationName = Release;
		};
		044BE0DE2603B148001E0663 /* Build configuration list for PBXNativeTarget "FacilityManagementApp iOSUITests" */ = {
			isa = XCConfigurationList;
			buildConfigurations = (
				044BE0DF2603B148001E0663 /* Debug */,
				044BE0E02603B149001E0663 /* Release */,
			);
			defaultConfigurationIsVisible = 0;
			defaultConfigurationName = Release;
		};
/* End XCConfigurationList section */
	};
	rootObject = 044BE0A62603B145001E0663 /* Project object */;
}
